
Microsoft Visual Studio Solution File, Format Version 12.00
# Visual Studio Version 17
VisualStudioVersion = 17.3.32929.385
MinimumVisualStudioVersion = 10.0.40219.1
Project("{2150E333-8FDC-42A3-9474-1A3956D46DE8}") = "src", "src", "{027A7A59-6B13-4E7F-980E-CB87831261BB}"
EndProject
Project("{9A19103F-16F7-4668-BE54-9A1E7A4F7556}") = "OnlineStore.Api", "src\OnlineStore.Api\OnlineStore.Api.csproj", "{6DA85C79-DC02-44F8-9A21-A82593A14E01}"
EndProject
Project("{9A19103F-16F7-4668-BE54-9A1E7A4F7556}") = "OnlineStore.Application", "src\OnlineStore.Application\OnlineStore.Application.csproj", "{7D17420E-D5C2-426F-A909-AEB0D782ECAC}"
EndProject
Project("{9A19103F-16F7-4668-BE54-9A1E7A4F7556}") = "OnlineStore.Core", "src\OnlineStore.Core\OnlineStore.Core.csproj", "{2EC18987-7A2D-4E54-98C5-3321B3C0B489}"
EndProject
Project("{9A19103F-16F7-4668-BE54-9A1E7A4F7556}") = "OnlineStore.Infrastructure", "src\OnlineStore.Infrastructure\OnlineStore.Infrastructure.csproj", "{65A8B161-845D-4AC7-B3F9-3A09FACF471D}"
EndProject
Project("{9A19103F-16F7-4668-BE54-9A1E7A4F7556}") = "OnlineStore.Persistence", "src\OnlineStore.Persistence\OnlineStore.Persistence.csproj", "{DFAC43B3-5EF2-4FDE-9A7D-B6623A08B0B9}"
EndProject
Project("{9A19103F-16F7-4668-BE54-9A1E7A4F7556}") = "OnlineStore.Web", "src\OnlineStore.Web\OnlineStore.Web.csproj", "{A47996B9-9248-4DF3-8495-885960946390}"
EndProject
Project("{2150E333-8FDC-42A3-9474-1A3956D46DE8}") = "tests", "tests", "{59621B33-0073-4B2D-99DF-A08CF9EE9DA0}"
EndProject
Project("{9A19103F-16F7-4668-BE54-9A1E7A4F7556}") = "OnlineStore.Core.Tests.Unit", "tests\OnlineStore.Core.Tests.Unit\OnlineStore.Core.Tests.Unit.csproj", "{9E360DB9-915E-46EF-9991-25407BAABBC4}"
EndProject
Project("{2150E333-8FDC-42A3-9474-1A3956D46DE8}") = "identity", "identity", "{BBCBDD20-C6E7-4E6F-872D-B40D5D24F711}"
EndProject
Project("{9A19103F-16F7-4668-BE54-9A1E7A4F7556}") = "OnlineStore.IdentityServer", "identity\OnlineStore.IdentityServer\OnlineStore.IdentityServer.csproj", "{2A65F72C-0151-4E9A-99BA-282A676CFD13}"
EndProject
Project("{FAE04EC0-301F-11D3-BF4B-00C04F79EFBC}") = "OnlineStore.IdentityServer.Persistence", "OnlineStore.IdentityServer.Persistance\OnlineStore.IdentityServer.Persistence.csproj", "{EF171113-D86B-4E2F-98AC-E0FC2FFE4756}"
EndProject
Global
	GlobalSection(SolutionConfigurationPlatforms) = preSolution
		Debug|Any CPU = Debug|Any CPU
		Release|Any CPU = Release|Any CPU
	EndGlobalSection
	GlobalSection(ProjectConfigurationPlatforms) = postSolution
		{6DA85C79-DC02-44F8-9A21-A82593A14E01}.Debug|Any CPU.ActiveCfg = Debug|Any CPU
		{6DA85C79-DC02-44F8-9A21-A82593A14E01}.Debug|Any CPU.Build.0 = Debug|Any CPU
		{6DA85C79-DC02-44F8-9A21-A82593A14E01}.Release|Any CPU.ActiveCfg = Release|Any CPU
		{6DA85C79-DC02-44F8-9A21-A82593A14E01}.Release|Any CPU.Build.0 = Release|Any CPU
		{7D17420E-D5C2-426F-A909-AEB0D782ECAC}.Debug|Any CPU.ActiveCfg = Debug|Any CPU
		{7D17420E-D5C2-426F-A909-AEB0D782ECAC}.Debug|Any CPU.Build.0 = Debug|Any CPU
		{7D17420E-D5C2-426F-A909-AEB0D782ECAC}.Release|Any CPU.ActiveCfg = Release|Any CPU
		{7D17420E-D5C2-426F-A909-AEB0D782ECAC}.Release|Any CPU.Build.0 = Release|Any CPU
		{2EC18987-7A2D-4E54-98C5-3321B3C0B489}.Debug|Any CPU.ActiveCfg = Debug|Any CPU
		{2EC18987-7A2D-4E54-98C5-3321B3C0B489}.Debug|Any CPU.Build.0 = Debug|Any CPU
		{2EC18987-7A2D-4E54-98C5-3321B3C0B489}.Release|Any CPU.ActiveCfg = Release|Any CPU
		{2EC18987-7A2D-4E54-98C5-3321B3C0B489}.Release|Any CPU.Build.0 = Release|Any CPU
		{65A8B161-845D-4AC7-B3F9-3A09FACF471D}.Debug|Any CPU.ActiveCfg = Debug|Any CPU
		{65A8B161-845D-4AC7-B3F9-3A09FACF471D}.Debug|Any CPU.Build.0 = Debug|Any CPU
		{65A8B161-845D-4AC7-B3F9-3A09FACF471D}.Release|Any CPU.ActiveCfg = Release|Any CPU
		{65A8B161-845D-4AC7-B3F9-3A09FACF471D}.Release|Any CPU.Build.0 = Release|Any CPU
		{DFAC43B3-5EF2-4FDE-9A7D-B6623A08B0B9}.Debug|Any CPU.ActiveCfg = Debug|Any CPU
		{DFAC43B3-5EF2-4FDE-9A7D-B6623A08B0B9}.Debug|Any CPU.Build.0 = Debug|Any CPU
		{DFAC43B3-5EF2-4FDE-9A7D-B6623A08B0B9}.Release|Any CPU.ActiveCfg = Release|Any CPU
		{DFAC43B3-5EF2-4FDE-9A7D-B6623A08B0B9}.Release|Any CPU.Build.0 = Release|Any CPU
		{A47996B9-9248-4DF3-8495-885960946390}.Debug|Any CPU.ActiveCfg = Debug|Any CPU
		{A47996B9-9248-4DF3-8495-885960946390}.Debug|Any CPU.Build.0 = Debug|Any CPU
		{A47996B9-9248-4DF3-8495-885960946390}.Release|Any CPU.ActiveCfg = Release|Any CPU
		{A47996B9-9248-4DF3-8495-885960946390}.Release|Any CPU.Build.0 = Release|Any CPU
		{9E360DB9-915E-46EF-9991-25407BAABBC4}.Debug|Any CPU.ActiveCfg = Debug|Any CPU
		{9E360DB9-915E-46EF-9991-25407BAABBC4}.Debug|Any CPU.Build.0 = Debug|Any CPU
		{9E360DB9-915E-46EF-9991-25407BAABBC4}.Release|Any CPU.ActiveCfg = Release|Any CPU
		{9E360DB9-915E-46EF-9991-25407BAABBC4}.Release|Any CPU.Build.0 = Release|Any CPU
		{2A65F72C-0151-4E9A-99BA-282A676CFD13}.Debug|Any CPU.ActiveCfg = Debug|Any CPU
		{2A65F72C-0151-4E9A-99BA-282A676CFD13}.Debug|Any CPU.Build.0 = Debug|Any CPU
		{2A65F72C-0151-4E9A-99BA-282A676CFD13}.Release|Any CPU.ActiveCfg = Release|Any CPU
		{2A65F72C-0151-4E9A-99BA-282A676CFD13}.Release|Any CPU.Build.0 = Release|Any CPU
		{EF171113-D86B-4E2F-98AC-E0FC2FFE4756}.Debug|Any CPU.ActiveCfg = Debug|Any CPU
		{EF171113-D86B-4E2F-98AC-E0FC2FFE4756}.Debug|Any CPU.Build.0 = Debug|Any CPU
		{EF171113-D86B-4E2F-98AC-E0FC2FFE4756}.Release|Any CPU.ActiveCfg = Release|Any CPU
		{EF171113-D86B-4E2F-98AC-E0FC2FFE4756}.Release|Any CPU.Build.0 = Release|Any CPU
	EndGlobalSection
	GlobalSection(SolutionProperties) = preSolution
		HideSolutionNode = FALSE
	EndGlobalSection
	GlobalSection(NestedProjects) = preSolution
		{6DA85C79-DC02-44F8-9A21-A82593A14E01} = {027A7A59-6B13-4E7F-980E-CB87831261BB}
		{7D17420E-D5C2-426F-A909-AEB0D782ECAC} = {027A7A59-6B13-4E7F-980E-CB87831261BB}
		{2EC18987-7A2D-4E54-98C5-3321B3C0B489} = {027A7A59-6B13-4E7F-980E-CB87831261BB}
		{65A8B161-845D-4AC7-B3F9-3A09FACF471D} = {027A7A59-6B13-4E7F-980E-CB87831261BB}
		{DFAC43B3-5EF2-4FDE-9A7D-B6623A08B0B9} = {027A7A59-6B13-4E7F-980E-CB87831261BB}
		{A47996B9-9248-4DF3-8495-885960946390} = {027A7A59-6B13-4E7F-980E-CB87831261BB}
		{9E360DB9-915E-46EF-9991-25407BAABBC4} = {59621B33-0073-4B2D-99DF-A08CF9EE9DA0}
		{2A65F72C-0151-4E9A-99BA-282A676CFD13} = {BBCBDD20-C6E7-4E6F-872D-B40D5D24F711}
		{EF171113-D86B-4E2F-98AC-E0FC2FFE4756} = {BBCBDD20-C6E7-4E6F-872D-B40D5D24F711}
	EndGlobalSection
	GlobalSection(ExtensibilityGlobals) = postSolution
		SolutionGuid = {7154F791-CB72-47ED-8E68-E746B5E9F3BA}
	EndGlobalSection
EndGlobal
